
Microsoft Visual Studio Solution File, Format Version 12.00
# Visual Studio Version 17
VisualStudioVersion = 17.4.33110.190
MinimumVisualStudioVersion = 10.0.40219.1
Project("{FAE04EC0-301F-11D3-BF4B-00C04F79EFBC}") = "WebApp11", "WebApp11\WebApp11.csproj", "{FE1D461D-5A8A-4240-8373-8FCDEF0FAF15}"
EndProject
Global
	GlobalSection(SolutionConfigurationPlatforms) = preSolution
		Debug|Any CPU = Debug|Any CPU
		Release|Any CPU = Release|Any CPU
	EndGlobalSection
	GlobalSection(ProjectConfigurationPlatforms) = postSolution
		{FE1D461D-5A8A-4240-8373-8FCDEF0FAF15}.Debug|Any CPU.ActiveCfg = Debug|Any CPU
		{FE1D461D-5A8A-4240-8373-8FCDEF0FAF15}.Debug|Any CPU.Build.0 = Debug|Any CPU
		{FE1D461D-5A8A-4240-8373-8FCDEF0FAF15}.Release|Any CPU.ActiveCfg = Release|Any CPU
		{FE1D461D-5A8A-4240-8373-8FCDEF0FAF15}.Release|Any CPU.Build.0 = Release|Any CPU
	EndGlobalSection
	GlobalSection(SolutionProperties) = preSolution
		HideSolutionNode = FALSE
	EndGlobalSection
	GlobalSection(ExtensibilityGlobals) = postSolution
		SolutionGuid = {0793C227-BB22-4A49-8EE9-BFBA68A8CA41}
	EndGlobalSection
EndGlobal
